
Microsoft Visual Studio Solution File, Format Version 12.00
# Visual Studio Version 17
VisualStudioVersion = 17.7.34031.279
MinimumVisualStudioVersion = 10.0.40219.1
Project("{9A19103F-16F7-4668-BE54-9A1E7A4F7556}") = "CinemaReservacionApi", "CinemaReservacionApi\CinemaReservacionApi.csproj", "{38F55245-5685-4614-8AB7-3D54FA649227}"
EndProject
Project("{FAE04EC0-301F-11D3-BF4B-00C04F79EFBC}") = "CinemaReservacion.Domain", "CinemaReservacion.Domain\CinemaReservacion.Domain.csproj", "{2C49B17A-7035-4CD1-B605-980E8504F8EB}"
EndProject
Project("{FAE04EC0-301F-11D3-BF4B-00C04F79EFBC}") = "CinemaReservacion.Application", "CinemaReservacion.Application\CinemaReservacion.Application.csproj", "{B4D43BA5-8EF0-46A1-AB5C-B4D41CCA124F}"
EndProject
Project("{FAE04EC0-301F-11D3-BF4B-00C04F79EFBC}") = "CinemaReservacion.Infrastructure", "CinemaReservacion.Infrastructure\CinemaReservacion.Infrastructure.csproj", "{DB19FC1D-7453-4BD9-B392-520E97FC62D2}"
EndProject
Global
	GlobalSection(SolutionConfigurationPlatforms) = preSolution
		Debug|Any CPU = Debug|Any CPU
		Release|Any CPU = Release|Any CPU
	EndGlobalSection
	GlobalSection(ProjectConfigurationPlatforms) = postSolution
		{38F55245-5685-4614-8AB7-3D54FA649227}.Debug|Any CPU.ActiveCfg = Debug|Any CPU
		{38F55245-5685-4614-8AB7-3D54FA649227}.Debug|Any CPU.Build.0 = Debug|Any CPU
		{38F55245-5685-4614-8AB7-3D54FA649227}.Release|Any CPU.ActiveCfg = Release|Any CPU
		{38F55245-5685-4614-8AB7-3D54FA649227}.Release|Any CPU.Build.0 = Release|Any CPU
		{2C49B17A-7035-4CD1-B605-980E8504F8EB}.Debug|Any CPU.ActiveCfg = Debug|Any CPU
		{2C49B17A-7035-4CD1-B605-980E8504F8EB}.Debug|Any CPU.Build.0 = Debug|Any CPU
		{2C49B17A-7035-4CD1-B605-980E8504F8EB}.Release|Any CPU.ActiveCfg = Release|Any CPU
		{2C49B17A-7035-4CD1-B605-980E8504F8EB}.Release|Any CPU.Build.0 = Release|Any CPU
		{B4D43BA5-8EF0-46A1-AB5C-B4D41CCA124F}.Debug|Any CPU.ActiveCfg = Debug|Any CPU
		{B4D43BA5-8EF0-46A1-AB5C-B4D41CCA124F}.Debug|Any CPU.Build.0 = Debug|Any CPU
		{B4D43BA5-8EF0-46A1-AB5C-B4D41CCA124F}.Release|Any CPU.ActiveCfg = Release|Any CPU
		{B4D43BA5-8EF0-46A1-AB5C-B4D41CCA124F}.Release|Any CPU.Build.0 = Release|Any CPU
		{DB19FC1D-7453-4BD9-B392-520E97FC62D2}.Debug|Any CPU.ActiveCfg = Debug|Any CPU
		{DB19FC1D-7453-4BD9-B392-520E97FC62D2}.Debug|Any CPU.Build.0 = Debug|Any CPU
		{DB19FC1D-7453-4BD9-B392-520E97FC62D2}.Release|Any CPU.ActiveCfg = Release|Any CPU
		{DB19FC1D-7453-4BD9-B392-520E97FC62D2}.Release|Any CPU.Build.0 = Release|Any CPU
	EndGlobalSection
	GlobalSection(SolutionProperties) = preSolution
		HideSolutionNode = FALSE
	EndGlobalSection
	GlobalSection(ExtensibilityGlobals) = postSolution
		SolutionGuid = {DDD922A7-5A0A-468E-802B-5B859C7BED26}
	EndGlobalSection
EndGlobal
